
Microsoft Visual Studio Solution File, Format Version 12.00
# Visual Studio Version 17
VisualStudioVersion = 17.6.33829.357
MinimumVisualStudioVersion = 10.0.40219.1
Project("{FAE04EC0-301F-11D3-BF4B-00C04F79EFBC}") = "TestandoApp", "TestandoApp.csproj", "{230F8BFA-0DD7-4AC3-84C7-03980E656AC0}"
EndProject
Project("{FAE04EC0-301F-11D3-BF4B-00C04F79EFBC}") = "modelo", "..\..\..\source\repos\modelo\modelo.csproj", "{34B5F6BC-40F1-4C2F-8425-63579DB4DDA8}"
EndProject
Project("{FAE04EC0-301F-11D3-BF4B-00C04F79EFBC}") = "controller", "..\..\..\source\repos\controller\controller.csproj", "{2CEB4EC0-5D05-42E9-B103-FA907C628AB8}"
EndProject
Global
	GlobalSection(SolutionConfigurationPlatforms) = preSolution
		Debug|Any CPU = Debug|Any CPU
		Release|Any CPU = Release|Any CPU
	EndGlobalSection
	GlobalSection(ProjectConfigurationPlatforms) = postSolution
		{230F8BFA-0DD7-4AC3-84C7-03980E656AC0}.Debug|Any CPU.ActiveCfg = Debug|Any CPU
		{230F8BFA-0DD7-4AC3-84C7-03980E656AC0}.Debug|Any CPU.Build.0 = Debug|Any CPU
		{230F8BFA-0DD7-4AC3-84C7-03980E656AC0}.Release|Any CPU.ActiveCfg = Release|Any CPU
		{230F8BFA-0DD7-4AC3-84C7-03980E656AC0}.Release|Any CPU.Build.0 = Release|Any CPU
		{34B5F6BC-40F1-4C2F-8425-63579DB4DDA8}.Debug|Any CPU.ActiveCfg = Debug|Any CPU
		{34B5F6BC-40F1-4C2F-8425-63579DB4DDA8}.Debug|Any CPU.Build.0 = Debug|Any CPU
		{34B5F6BC-40F1-4C2F-8425-63579DB4DDA8}.Release|Any CPU.ActiveCfg = Release|Any CPU
		{34B5F6BC-40F1-4C2F-8425-63579DB4DDA8}.Release|Any CPU.Build.0 = Release|Any CPU
		{2CEB4EC0-5D05-42E9-B103-FA907C628AB8}.Debug|Any CPU.ActiveCfg = Debug|Any CPU
		{2CEB4EC0-5D05-42E9-B103-FA907C628AB8}.Debug|Any CPU.Build.0 = Debug|Any CPU
		{2CEB4EC0-5D05-42E9-B103-FA907C628AB8}.Release|Any CPU.ActiveCfg = Release|Any CPU
		{2CEB4EC0-5D05-42E9-B103-FA907C628AB8}.Release|Any CPU.Build.0 = Release|Any CPU
	EndGlobalSection
	GlobalSection(SolutionProperties) = preSolution
		HideSolutionNode = FALSE
	EndGlobalSection
	GlobalSection(ExtensibilityGlobals) = postSolution
		SolutionGuid = {394956E9-5A87-4104-B09A-07F8B50ABD35}
	EndGlobalSection
EndGlobal
